
Microsoft Visual Studio Solution File, Format Version 12.00
# Visual Studio Version 16
VisualStudioVersion = 16.0.31613.86
MinimumVisualStudioVersion = 10.0.40219.1
Project("{FAE04EC0-301F-11D3-BF4B-00C04F79EFBC}") = "Vista", "Vista\Vista.csproj", "{323B737C-E536-4B2E-A792-9DCBA58D280D}"
EndProject
Global
	GlobalSection(SolutionConfigurationPlatforms) = preSolution
		Debug|Any CPU = Debug|Any CPU
		Release|Any CPU = Release|Any CPU
	EndGlobalSection
	GlobalSection(ProjectConfigurationPlatforms) = postSolution
		{323B737C-E536-4B2E-A792-9DCBA58D280D}.Debug|Any CPU.ActiveCfg = Debug|Any CPU
		{323B737C-E536-4B2E-A792-9DCBA58D280D}.Debug|Any CPU.Build.0 = Debug|Any CPU
		{323B737C-E536-4B2E-A792-9DCBA58D280D}.Release|Any CPU.ActiveCfg = Release|Any CPU
		{323B737C-E536-4B2E-A792-9DCBA58D280D}.Release|Any CPU.Build.0 = Release|Any CPU
	EndGlobalSection
	GlobalSection(SolutionProperties) = preSolution
		HideSolutionNode = FALSE
	EndGlobalSection
	GlobalSection(ExtensibilityGlobals) = postSolution
		SolutionGuid = {09B51EA9-268A-4642-A320-693C45F63CCA}
	EndGlobalSection
EndGlobal
